// !$*UTF8*$!
{
	archiveVersion = 1;
	classes = {
	};
	objectVersion = 46;
	objects = {

/* Begin PBXBuildFile section */
		D90FB4F51E904A16005485AE /* ParseConvenience.swift in Sources */ = {isa = PBXBuildFile; fileRef = D90FB4F41E904A16005485AE /* ParseConvenience.swift */; };
		D90FB4F91E91BA25005485AE /* ServiceManager.swift in Sources */ = {isa = PBXBuildFile; fileRef = D90FB4F81E91BA25005485AE /* ServiceManager.swift */; };
		D90FB4FB1E91C18C005485AE /* Location.swift in Sources */ = {isa = PBXBuildFile; fileRef = D90FB4FA1E91C18C005485AE /* Location.swift */; };
		D929749F1E8F5B5300C7B3D1 /* MapViewController.swift in Sources */ = {isa = PBXBuildFile; fileRef = D929749E1E8F5B5300C7B3D1 /* MapViewController.swift */; };
		D973AAA81EBE5D3A0053C538 /* User.swift in Sources */ = {isa = PBXBuildFile; fileRef = D973AAA71EBE5D3A0053C538 /* User.swift */; };
		D97ABD3E1E748C5E0074EA22 /* AppDelegate.swift in Sources */ = {isa = PBXBuildFile; fileRef = D97ABD3D1E748C5E0074EA22 /* AppDelegate.swift */; };
		D97ABD401E748C5E0074EA22 /* LoginViewController.swift in Sources */ = {isa = PBXBuildFile; fileRef = D97ABD3F1E748C5E0074EA22 /* LoginViewController.swift */; };
		D97ABD431E748C5E0074EA22 /* Main.storyboard in Resources */ = {isa = PBXBuildFile; fileRef = D97ABD411E748C5E0074EA22 /* Main.storyboard */; };
		D97ABD451E748C5E0074EA22 /* Assets.xcassets in Resources */ = {isa = PBXBuildFile; fileRef = D97ABD441E748C5E0074EA22 /* Assets.xcassets */; };
		D97ABD481E748C5E0074EA22 /* LaunchScreen.storyboard in Resources */ = {isa = PBXBuildFile; fileRef = D97ABD461E748C5E0074EA22 /* LaunchScreen.storyboard */; };
		D97ABD501E748DB30074EA22 /* GCDBlackBox.swift in Sources */ = {isa = PBXBuildFile; fileRef = D97ABD4F1E748DB30074EA22 /* GCDBlackBox.swift */; };
		D97ABD5B1E748EA30074EA22 /* Constants.swift in Sources */ = {isa = PBXBuildFile; fileRef = D97ABD5A1E748EA30074EA22 /* Constants.swift */; };
		D97ABD5D1E7490520074EA22 /* UdacityClient.swift in Sources */ = {isa = PBXBuildFile; fileRef = D97ABD5C1E7490520074EA22 /* UdacityClient.swift */; };
		D97ABD5F1E74A5930074EA22 /* UdacityConvenience.swift in Sources */ = {isa = PBXBuildFile; fileRef = D97ABD5E1E74A5930074EA22 /* UdacityConvenience.swift */; };
		D9C5D4251E99694A008584D9 /* AddLocationViewController.swift in Sources */ = {isa = PBXBuildFile; fileRef = D9C5D4241E99694A008584D9 /* AddLocationViewController.swift */; };
/* End PBXBuildFile section */

/* Begin PBXFileReference section */
		D90FB4F41E904A16005485AE /* ParseConvenience.swift */ = {isa = PBXFileReference; fileEncoding = 4; lastKnownFileType = sourcecode.swift; path = ParseConvenience.swift; sourceTree = "<group>"; };
		D90FB4F81E91BA25005485AE /* ServiceManager.swift */ = {isa = PBXFileReference; fileEncoding = 4; lastKnownFileType = sourcecode.swift; path = ServiceManager.swift; sourceTree = "<group>"; };
		D90FB4FA1E91C18C005485AE /* Location.swift */ = {isa = PBXFileReference; fileEncoding = 4; lastKnownFileType = sourcecode.swift; path = Location.swift; sourceTree = "<group>"; };
		D929749E1E8F5B5300C7B3D1 /* MapViewController.swift */ = {isa = PBXFileReference; fileEncoding = 4; lastKnownFileType = sourcecode.swift; path = MapViewController.swift; sourceTree = "<group>"; };
		D973AAA71EBE5D3A0053C538 /* User.swift */ = {isa = PBXFileReference; fileEncoding = 4; lastKnownFileType = sourcecode.swift; path = User.swift; sourceTree = "<group>"; };
		D97ABD3A1E748C5E0074EA22 /* OnTheMap.app */ = {isa = PBXFileReference; explicitFileType = wrapper.application; includeInIndex = 0; path = OnTheMap.app; sourceTree = BUILT_PRODUCTS_DIR; };
		D97ABD3D1E748C5E0074EA22 /* AppDelegate.swift */ = {isa = PBXFileReference; lastKnownFileType = sourcecode.swift; path = AppDelegate.swift; sourceTree = "<group>"; };
		D97ABD3F1E748C5E0074EA22 /* LoginViewController.swift */ = {isa = PBXFileReference; lastKnownFileType = sourcecode.swift; path = LoginViewController.swift; sourceTree = "<group>"; };
		D97ABD421E748C5E0074EA22 /* Base */ = {isa = PBXFileReference; lastKnownFileType = file.storyboard; name = Base; path = Base.lproj/Main.storyboard; sourceTree = "<group>"; };
		D97ABD441E748C5E0074EA22 /* Assets.xcassets */ = {isa = PBXFileReference; lastKnownFileType = folder.assetcatalog; path = Assets.xcassets; sourceTree = "<group>"; };
		D97ABD471E748C5E0074EA22 /* Base */ = {isa = PBXFileReference; lastKnownFileType = file.storyboard; name = Base; path = Base.lproj/LaunchScreen.storyboard; sourceTree = "<group>"; };
		D97ABD491E748C5E0074EA22 /* Info.plist */ = {isa = PBXFileReference; lastKnownFileType = text.plist.xml; path = Info.plist; sourceTree = "<group>"; };
		D97ABD4F1E748DB30074EA22 /* GCDBlackBox.swift */ = {isa = PBXFileReference; fileEncoding = 4; lastKnownFileType = sourcecode.swift; path = GCDBlackBox.swift; sourceTree = "<group>"; };
		D97ABD5A1E748EA30074EA22 /* Constants.swift */ = {isa = PBXFileReference; fileEncoding = 4; lastKnownFileType = sourcecode.swift; path = Constants.swift; sourceTree = "<group>"; };
		D97ABD5C1E7490520074EA22 /* UdacityClient.swift */ = {isa = PBXFileReference; fileEncoding = 4; lastKnownFileType = sourcecode.swift; path = UdacityClient.swift; sourceTree = "<group>"; };
		D97ABD5E1E74A5930074EA22 /* UdacityConvenience.swift */ = {isa = PBXFileReference; fileEncoding = 4; lastKnownFileType = sourcecode.swift; path = UdacityConvenience.swift; sourceTree = "<group>"; };
		D9C5D4241E99694A008584D9 /* AddLocationViewController.swift */ = {isa = PBXFileReference; fileEncoding = 4; lastKnownFileType = sourcecode.swift; path = AddLocationViewController.swift; sourceTree = "<group>"; };
/* End PBXFileReference section */

/* Begin PBXFrameworksBuildPhase section */
		D97ABD371E748C5E0074EA22 /* Frameworks */ = {
			isa = PBXFrameworksBuildPhase;
			buildActionMask = 2147483647;
			files = (
			);
			runOnlyForDeploymentPostprocessing = 0;
		};
/* End PBXFrameworksBuildPhase section */

/* Begin PBXGroup section */
		D97ABD311E748C5E0074EA22 = {
			isa = PBXGroup;
			children = (
				D97ABD3C1E748C5E0074EA22 /* OnTheMap */,
				D97ABD3B1E748C5E0074EA22 /* Products */,
			);
			sourceTree = "<group>";
		};
		D97ABD3B1E748C5E0074EA22 /* Products */ = {
			isa = PBXGroup;
			children = (
				D97ABD3A1E748C5E0074EA22 /* OnTheMap.app */,
			);
			name = Products;
			sourceTree = "<group>";
		};
		D97ABD3C1E748C5E0074EA22 /* OnTheMap */ = {
			isa = PBXGroup;
			children = (
				D97ABD3D1E748C5E0074EA22 /* AppDelegate.swift */,
				D97ABD4F1E748DB30074EA22 /* GCDBlackBox.swift */,
				D97ABD561E748E5C0074EA22 /* Clients */,
				D97ABD511E748DE10074EA22 /* Model */,
				D97ABD521E748DEB0074EA22 /* View */,
				D97ABD531E748DF40074EA22 /* Controller */,
				D97ABD551E748E0D0074EA22 /* Supporting Files */,
				D97ABD541E748E000074EA22 /* Assets */,
				D97ABD491E748C5E0074EA22 /* Info.plist */,
			);
			path = OnTheMap;
			sourceTree = "<group>";
		};
		D97ABD511E748DE10074EA22 /* Model */ = {
			isa = PBXGroup;
			children = (
				D90FB4FA1E91C18C005485AE /* Location.swift */,
				D973AAA71EBE5D3A0053C538 /* User.swift */,
			);
			name = Model;
			sourceTree = "<group>";
		};
		D97ABD521E748DEB0074EA22 /* View */ = {
			isa = PBXGroup;
			children = (
				D97ABD411E748C5E0074EA22 /* Main.storyboard */,
			);
			name = View;
			sourceTree = "<group>";
		};
		D97ABD531E748DF40074EA22 /* Controller */ = {
			isa = PBXGroup;
			children = (
				D97ABD3F1E748C5E0074EA22 /* LoginViewController.swift */,
				D929749E1E8F5B5300C7B3D1 /* MapViewController.swift */,
				D9C5D4241E99694A008584D9 /* AddLocationViewController.swift */,
			);
			name = Controller;
			sourceTree = "<group>";
		};
		D97ABD541E748E000074EA22 /* Assets */ = {
			isa = PBXGroup;
			children = (
				D97ABD441E748C5E0074EA22 /* Assets.xcassets */,
				D97ABD461E748C5E0074EA22 /* LaunchScreen.storyboard */,
			);
			name = Assets;
			sourceTree = "<group>";
		};
		D97ABD551E748E0D0074EA22 /* Supporting Files */ = {
			isa = PBXGroup;
			children = (
			);
			name = "Supporting Files";
			sourceTree = "<group>";
		};
		D97ABD561E748E5C0074EA22 /* Clients */ = {
			isa = PBXGroup;
			children = (
				D97ABD5A1E748EA30074EA22 /* Constants.swift */,
				D90FB4F81E91BA25005485AE /* ServiceManager.swift */,
				D97ABD5E1E74A5930074EA22 /* UdacityConvenience.swift */,
				D90FB4F41E904A16005485AE /* ParseConvenience.swift */,
				D97ABD5C1E7490520074EA22 /* UdacityClient.swift */,
				D97ABD591E748E7A0074EA22 /* Facebook */,
			);
			name = Clients;
			sourceTree = "<group>";
		};
		D97ABD591E748E7A0074EA22 /* Facebook */ = {
			isa = PBXGroup;
			children = (
			);
			name = Facebook;
			sourceTree = "<group>";
		};
/* End PBXGroup section */

/* Begin PBXNativeTarget section */
		D97ABD391E748C5E0074EA22 /* OnTheMap */ = {
			isa = PBXNativeTarget;
			buildConfigurationList = D97ABD4C1E748C5E0074EA22 /* Build configuration list for PBXNativeTarget "OnTheMap" */;
			buildPhases = (
				D97ABD361E748C5E0074EA22 /* Sources */,
				D97ABD371E748C5E0074EA22 /* Frameworks */,
				D97ABD381E748C5E0074EA22 /* Resources */,
			);
			buildRules = (
			);
			dependencies = (
			);
			name = OnTheMap;
			productName = OnTheMap;
			productReference = D97ABD3A1E748C5E0074EA22 /* OnTheMap.app */;
			productType = "com.apple.product-type.application";
		};
/* End PBXNativeTarget section */

/* Begin PBXProject section */
		D97ABD321E748C5E0074EA22 /* Project object */ = {
			isa = PBXProject;
			attributes = {
				LastSwiftUpdateCheck = 0820;
				LastUpgradeCheck = 0820;
				ORGANIZATIONNAME = "Austin Tooley";
				TargetAttributes = {
					D97ABD391E748C5E0074EA22 = {
						CreatedOnToolsVersion = 8.2.1;
						DevelopmentTeam = 5WNNJW9ZPQ;
						ProvisioningStyle = Automatic;
					};
				};
			};
			buildConfigurationList = D97ABD351E748C5E0074EA22 /* Build configuration list for PBXProject "OnTheMap" */;
			compatibilityVersion = "Xcode 3.2";
			developmentRegion = English;
			hasScannedForEncodings = 0;
			knownRegions = (
				en,
				Base,
			);
			mainGroup = D97ABD311E748C5E0074EA22;
			productRefGroup = D97ABD3B1E748C5E0074EA22 /* Products */;
			projectDirPath = "";
			projectRoot = "";
			targets = (
				D97ABD391E748C5E0074EA22 /* OnTheMap */,
			);
		};
/* End PBXProject section */

/* Begin PBXResourcesBuildPhase section */
		D97ABD381E748C5E0074EA22 /* Resources */ = {
			isa = PBXResourcesBuildPhase;
			buildActionMask = 2147483647;
			files = (
				D97ABD481E748C5E0074EA22 /* LaunchScreen.storyboard in Resources */,
				D97ABD451E748C5E0074EA22 /* Assets.xcassets in Resources */,
				D97ABD431E748C5E0074EA22 /* Main.storyboard in Resources */,
			);
			runOnlyForDeploymentPostprocessing = 0;
		};
/* End PBXResourcesBuildPhase section */

/* Begin PBXSourcesBuildPhase section */
		D97ABD361E748C5E0074EA22 /* Sources */ = {
			isa = PBXSourcesBuildPhase;
			buildActionMask = 2147483647;
			files = (
				D90FB4F91E91BA25005485AE /* ServiceManager.swift in Sources */,
				D97ABD5D1E7490520074EA22 /* UdacityClient.swift in Sources */,
				D90FB4FB1E91C18C005485AE /* Location.swift in Sources */,
				D97ABD401E748C5E0074EA22 /* LoginViewController.swift in Sources */,
				D97ABD501E748DB30074EA22 /* GCDBlackBox.swift in Sources */,
				D9C5D4251E99694A008584D9 /* AddLocationViewController.swift in Sources */,
				D97ABD5B1E748EA30074EA22 /* Constants.swift in Sources */,
				D97ABD3E1E748C5E0074EA22 /* AppDelegate.swift in Sources */,
				D973AAA81EBE5D3A0053C538 /* User.swift in Sources */,
				D97ABD5F1E74A5930074EA22 /* UdacityConvenience.swift in Sources */,
				D929749F1E8F5B5300C7B3D1 /* MapViewController.swift in Sources */,
				D90FB4F51E904A16005485AE /* ParseConvenience.swift in Sources */,
			);
			runOnlyForDeploymentPostprocessing = 0;
		};
/* End PBXSourcesBuildPhase section */

/* Begin PBXVariantGroup section */
		D97ABD411E748C5E0074EA22 /* Main.storyboard */ = {
			isa = PBXVariantGroup;
			children = (
				D97ABD421E748C5E0074EA22 /* Base */,
			);
			name = Main.storyboard;
			sourceTree = "<group>";
		};
		D97ABD461E748C5E0074EA22 /* LaunchScreen.storyboard */ = {
			isa = PBXVariantGroup;
			children = (
				D97ABD471E748C5E0074EA22 /* Base */,
			);
			name = LaunchScreen.storyboard;
			sourceTree = "<group>";
		};
/* End PBXVariantGroup section */

/* Begin XCBuildConfiguration section */
		D97ABD4A1E748C5E0074EA22 /* Debug */ = {
			isa = XCBuildConfiguration;
			buildSettings = {
				ALWAYS_SEARCH_USER_PATHS = NO;
				CLANG_ANALYZER_NONNULL = YES;
				CLANG_CXX_LANGUAGE_STANDARD = "gnu++0x";
				CLANG_CXX_LIBRARY = "libc++";
				CLANG_ENABLE_MODULES = YES;
				CLANG_ENABLE_OBJC_ARC = YES;
				CLANG_WARN_BOOL_CONVERSION = YES;
				CLANG_WARN_CONSTANT_CONVERSION = YES;
				CLANG_WARN_DIRECT_OBJC_ISA_USAGE = YES_ERROR;
				CLANG_WARN_DOCUMENTATION_COMMENTS = YES;
				CLANG_WARN_EMPTY_BODY = YES;
				CLANG_WARN_ENUM_CONVERSION = YES;
				CLANG_WARN_INFINITE_RECURSION = YES;
				CLANG_WARN_INT_CONVERSION = YES;
				CLANG_WARN_OBJC_ROOT_CLASS = YES_ERROR;
				CLANG_WARN_SUSPICIOUS_MOVE = YES;
				CLANG_WARN_UNREACHABLE_CODE = YES;
				CLANG_WARN__DUPLICATE_METHOD_MATCH = YES;
				"CODE_SIGN_IDENTITY[sdk=iphoneos*]" = "iPhone Developer";
				COPY_PHASE_STRIP = NO;
				DEBUG_INFORMATION_FORMAT = dwarf;
				ENABLE_STRICT_OBJC_MSGSEND = YES;
				ENABLE_TESTABILITY = YES;
				GCC_C_LANGUAGE_STANDARD = gnu99;
				GCC_DYNAMIC_NO_PIC = NO;
				GCC_NO_COMMON_BLOCKS = YES;
				GCC_OPTIMIZATION_LEVEL = 0;
				GCC_PREPROCESSOR_DEFINITIONS = (
					"DEBUG=1",
					"$(inherited)",
				);
				GCC_WARN_64_TO_32_BIT_CONVERSION = YES;
				GCC_WARN_ABOUT_RETURN_TYPE = YES_ERROR;
				GCC_WARN_UNDECLARED_SELECTOR = YES;
				GCC_WARN_UNINITIALIZED_AUTOS = YES_AGGRESSIVE;
				GCC_WARN_UNUSED_FUNCTION = YES;
				GCC_WARN_UNUSED_VARIABLE = YES;
				IPHONEOS_DEPLOYMENT_TARGET = 10.2;
				MTL_ENABLE_DEBUG_INFO = YES;
				ONLY_ACTIVE_ARCH = YES;
				SDKROOT = iphoneos;
				SWIFT_ACTIVE_COMPILATION_CONDITIONS = DEBUG;
				SWIFT_OPTIMIZATION_LEVEL = "-Onone";
				TARGETED_DEVICE_FAMILY = "1,2";
			};
			name = Debug;
		};
		D97ABD4B1E748C5E0074EA22 /* Release */ = {
			isa = XCBuildConfiguration;
			buildSettings = {
				ALWAYS_SEARCH_USER_PATHS = NO;
				CLANG_ANALYZER_NONNULL = YES;
				CLANG_CXX_LANGUAGE_STANDARD = "gnu++0x";
				CLANG_CXX_LIBRARY = "libc++";
				CLANG_ENABLE_MODULES = YES;
				CLANG_ENABLE_OBJC_ARC = YES;
				CLANG_WARN_BOOL_CONVERSION = YES;
				CLANG_WARN_CONSTANT_CONVERSION = YES;
				CLANG_WARN_DIRECT_OBJC_ISA_USAGE = YES_ERROR;
				CLANG_WARN_DOCUMENTATION_COMMENTS = YES;
				CLANG_WARN_EMPTY_BODY = YES;
				CLANG_WARN_ENUM_CONVERSION = YES;
				CLANG_WARN_INFINITE_RECURSION = YES;
				CLANG_WARN_INT_CONVERSION = YES;
				CLANG_WARN_OBJC_ROOT_CLASS = YES_ERROR;
				CLANG_WARN_SUSPICIOUS_MOVE = YES;
				CLANG_WARN_UNREACHABLE_CODE = YES;
				CLANG_WARN__DUPLICATE_METHOD_MATCH = YES;
				"CODE_SIGN_IDENTITY[sdk=iphoneos*]" = "iPhone Developer";
				COPY_PHASE_STRIP = NO;
				DEBUG_INFORMATION_FORMAT = "dwarf-with-dsym";
				ENABLE_NS_ASSERTIONS = NO;
				ENABLE_STRICT_OBJC_MSGSEND = YES;
				GCC_C_LANGUAGE_STANDARD = gnu99;
				GCC_NO_COMMON_BLOCKS = YES;
				GCC_WARN_64_TO_32_BIT_CONVERSION = YES;
				GCC_WARN_ABOUT_RETURN_TYPE = YES_ERROR;
				GCC_WARN_UNDECLARED_SELECTOR = YES;
				GCC_WARN_UNINITIALIZED_AUTOS = YES_AGGRESSIVE;
				GCC_WARN_UNUSED_FUNCTION = YES;
				GCC_WARN_UNUSED_VARIABLE = YES;
				IPHONEOS_DEPLOYMENT_TARGET = 10.2;
				MTL_ENABLE_DEBUG_INFO = NO;
				SDKROOT = iphoneos;
				SWIFT_OPTIMIZATION_LEVEL = "-Owholemodule";
				TARGETED_DEVICE_FAMILY = "1,2";
				VALIDATE_PRODUCT = YES;
			};
			name = Release;
		};
		D97ABD4D1E748C5E0074EA22 /* Debug */ = {
			isa = XCBuildConfiguration;
			buildSettings = {
				ASSETCATALOG_COMPILER_APPICON_NAME = AppIcon;
				DEVELOPMENT_TEAM = 5WNNJW9ZPQ;
				INFOPLIST_FILE = OnTheMap/Info.plist;
				LD_RUNPATH_SEARCH_PATHS = "$(inherited) @executable_path/Frameworks";
				PRODUCT_BUNDLE_IDENTIFIER = com.tooley.OnTheMap;
				PRODUCT_NAME = "$(TARGET_NAME)";
				SWIFT_VERSION = 3.0;
			};
			name = Debug;
		};
		D97ABD4E1E748C5E0074EA22 /* Release */ = {
			isa = XCBuildConfiguration;
			buildSettings = {
				ASSETCATALOG_COMPILER_APPICON_NAME = AppIcon;
				DEVELOPMENT_TEAM = 5WNNJW9ZPQ;
				INFOPLIST_FILE = OnTheMap/Info.plist;
				LD_RUNPATH_SEARCH_PATHS = "$(inherited) @executable_path/Frameworks";
				PRODUCT_BUNDLE_IDENTIFIER = com.tooley.OnTheMap;
				PRODUCT_NAME = "$(TARGET_NAME)";
				SWIFT_VERSION = 3.0;
			};
			name = Release;
		};
/* End XCBuildConfiguration section */

/* Begin XCConfigurationList section */
		D97ABD351E748C5E0074EA22 /* Build configuration list for PBXProject "OnTheMap" */ = {
			isa = XCConfigurationList;
			buildConfigurations = (
				D97ABD4A1E748C5E0074EA22 /* Debug */,
				D97ABD4B1E748C5E0074EA22 /* Release */,
			);
			defaultConfigurationIsVisible = 0;
			defaultConfigurationName = Release;
		};
		D97ABD4C1E748C5E0074EA22 /* Build configuration list for PBXNativeTarget "OnTheMap" */ = {
			isa = XCConfigurationList;
			buildConfigurations = (
				D97ABD4D1E748C5E0074EA22 /* Debug */,
				D97ABD4E1E748C5E0074EA22 /* Release */,
			);
			defaultConfigurationIsVisible = 0;
			defaultConfigurationName = Release;
		};
/* End XCConfigurationList section */
	};
	rootObject = D97ABD321E748C5E0074EA22 /* Project object */;
}
